
Microsoft Visual Studio Solution File, Format Version 12.00
# Visual Studio Version 17
VisualStudioVersion = 17.4.33213.308
MinimumVisualStudioVersion = 10.0.40219.1
Project("{FAE04EC0-301F-11D3-BF4B-00C04F79EFBC}") = "MedievalOverhaulRoyalty", "MedievalOverhaulRoyalty\MedievalOverhaulRoyalty.csproj", "{DC3E22A5-7E62-41DC-9814-48823E16A7D7}"
EndProject
Global
	GlobalSection(SolutionConfigurationPlatforms) = preSolution
		Debug|Any CPU = Debug|Any CPU
		Release|Any CPU = Release|Any CPU
	EndGlobalSection
	GlobalSection(ProjectConfigurationPlatforms) = postSolution
		{DC3E22A5-7E62-41DC-9814-48823E16A7D7}.Debug|Any CPU.ActiveCfg = Debug|Any CPU
		{DC3E22A5-7E62-41DC-9814-48823E16A7D7}.Debug|Any CPU.Build.0 = Debug|Any CPU
		{DC3E22A5-7E62-41DC-9814-48823E16A7D7}.Release|Any CPU.ActiveCfg = Release|Any CPU
		{DC3E22A5-7E62-41DC-9814-48823E16A7D7}.Release|Any CPU.Build.0 = Release|Any CPU
	EndGlobalSection
	GlobalSection(SolutionProperties) = preSolution
		HideSolutionNode = FALSE
	EndGlobalSection
	GlobalSection(ExtensibilityGlobals) = postSolution
		SolutionGuid = {BF7123FD-0B50-49C7-8583-3F41ACF91980}
	EndGlobalSection
EndGlobal
